// !$*UTF8*$!
{
	archiveVersion = 1;
	classes = {
	};
	objectVersion = 51;
	objects = {

/* Begin PBXBuildFile section */
		0DE6D904DCAD93D87751201E /* Pods_MeInfoGramTests.framework in Frameworks */ = {isa = PBXBuildFile; fileRef = 9B638D8D8578EBA23D170080 /* Pods_MeInfoGramTests.framework */; };
		7301DFA1E4608D4E46942041 /* Pods_MeInfoGram_MeInfoGramUITests.framework in Frameworks */ = {isa = PBXBuildFile; fileRef = 3F9F628D4D9943A04A42DFDE /* Pods_MeInfoGram_MeInfoGramUITests.framework */; };
		7EB32015B263AD11E2296FDF /* Pods_MeInfoGram.framework in Frameworks */ = {isa = PBXBuildFile; fileRef = 64A983155C174815D18C2BC3 /* Pods_MeInfoGram.framework */; };
		813B028F256801C2000840AE /* AppDelegate.swift in Sources */ = {isa = PBXBuildFile; fileRef = 813B028E256801C2000840AE /* AppDelegate.swift */; };
		813B0291256801C2000840AE /* SceneDelegate.swift in Sources */ = {isa = PBXBuildFile; fileRef = 813B0290256801C2000840AE /* SceneDelegate.swift */; };
		813B0293256801C2000840AE /* MyInfoListViewController.swift in Sources */ = {isa = PBXBuildFile; fileRef = 813B0292256801C2000840AE /* MyInfoListViewController.swift */; };
		813B0296256801C2000840AE /* Main.storyboard in Resources */ = {isa = PBXBuildFile; fileRef = 813B0294256801C2000840AE /* Main.storyboard */; };
		813B0298256801C7000840AE /* Assets.xcassets in Resources */ = {isa = PBXBuildFile; fileRef = 813B0297256801C7000840AE /* Assets.xcassets */; };
		813B029B256801C7000840AE /* LaunchScreen.storyboard in Resources */ = {isa = PBXBuildFile; fileRef = 813B0299256801C7000840AE /* LaunchScreen.storyboard */; };
		813B02A6256801C7000840AE /* MeInfoGramTests.swift in Sources */ = {isa = PBXBuildFile; fileRef = 813B02A5256801C7000840AE /* MeInfoGramTests.swift */; };
		813B02B1256801C7000840AE /* MeInfoGramUITests.swift in Sources */ = {isa = PBXBuildFile; fileRef = 813B02B0256801C7000840AE /* MeInfoGramUITests.swift */; };
		813B02F925681EF9000840AE /* MyInfo.swift in Sources */ = {isa = PBXBuildFile; fileRef = 813B02F825681EF9000840AE /* MyInfo.swift */; };
		813B030125681F32000840AE /* LoginViewController.swift in Sources */ = {isa = PBXBuildFile; fileRef = 813B02FF25681F31000840AE /* LoginViewController.swift */; };
		813B030A25681F78000840AE /* MyInfoListViewModal.swift in Sources */ = {isa = PBXBuildFile; fileRef = 813B030925681F78000840AE /* MyInfoListViewModal.swift */; };
		813B031525681FEE000840AE /* Common.swift in Sources */ = {isa = PBXBuildFile; fileRef = 813B031425681FEE000840AE /* Common.swift */; };
		813B032F2568315C000840AE /* LoginManger.swift in Sources */ = {isa = PBXBuildFile; fileRef = 813B032E2568315C000840AE /* LoginManger.swift */; };
		813B0338256832FF000840AE /* UIViewControllerExtensions.swift in Sources */ = {isa = PBXBuildFile; fileRef = 813B0337256832FF000840AE /* UIViewControllerExtensions.swift */; };
/* End PBXBuildFile section */

/* Begin PBXContainerItemProxy section */
		813B02A2256801C7000840AE /* PBXContainerItemProxy */ = {
			isa = PBXContainerItemProxy;
			containerPortal = 813B0283256801C2000840AE /* Project object */;
			proxyType = 1;
			remoteGlobalIDString = 813B028A256801C2000840AE;
			remoteInfo = MeInfoGram;
		};
		813B02AD256801C7000840AE /* PBXContainerItemProxy */ = {
			isa = PBXContainerItemProxy;
			containerPortal = 813B0283256801C2000840AE /* Project object */;
			proxyType = 1;
			remoteGlobalIDString = 813B028A256801C2000840AE;
			remoteInfo = MeInfoGram;
		};
/* End PBXContainerItemProxy section */

/* Begin PBXFileReference section */
		07A1A92A9062ED1A70394D62 /* Pods-MeInfoGram.release.xcconfig */ = {isa = PBXFileReference; includeInIndex = 1; lastKnownFileType = text.xcconfig; name = "Pods-MeInfoGram.release.xcconfig"; path = "Target Support Files/Pods-MeInfoGram/Pods-MeInfoGram.release.xcconfig"; sourceTree = "<group>"; };
		3A7E3FC925C0520F6D877F8E /* Pods-MeInfoGramTests.debug.xcconfig */ = {isa = PBXFileReference; includeInIndex = 1; lastKnownFileType = text.xcconfig; name = "Pods-MeInfoGramTests.debug.xcconfig"; path = "Target Support Files/Pods-MeInfoGramTests/Pods-MeInfoGramTests.debug.xcconfig"; sourceTree = "<group>"; };
		3F9F628D4D9943A04A42DFDE /* Pods_MeInfoGram_MeInfoGramUITests.framework */ = {isa = PBXFileReference; explicitFileType = wrapper.framework; includeInIndex = 0; path = Pods_MeInfoGram_MeInfoGramUITests.framework; sourceTree = BUILT_PRODUCTS_DIR; };
		430461FAA16DCF90BBD0F835 /* Pods-MeInfoGram.debug.xcconfig */ = {isa = PBXFileReference; includeInIndex = 1; lastKnownFileType = text.xcconfig; name = "Pods-MeInfoGram.debug.xcconfig"; path = "Target Support Files/Pods-MeInfoGram/Pods-MeInfoGram.debug.xcconfig"; sourceTree = "<group>"; };
		64A983155C174815D18C2BC3 /* Pods_MeInfoGram.framework */ = {isa = PBXFileReference; explicitFileType = wrapper.framework; includeInIndex = 0; path = Pods_MeInfoGram.framework; sourceTree = BUILT_PRODUCTS_DIR; };
		72DB25B2A11CF30D71A70B00 /* Pods-MeInfoGram-MeInfoGramUITests.debug.xcconfig */ = {isa = PBXFileReference; includeInIndex = 1; lastKnownFileType = text.xcconfig; name = "Pods-MeInfoGram-MeInfoGramUITests.debug.xcconfig"; path = "Target Support Files/Pods-MeInfoGram-MeInfoGramUITests/Pods-MeInfoGram-MeInfoGramUITests.debug.xcconfig"; sourceTree = "<group>"; };
		813B028B256801C2000840AE /* MeInfoGram.app */ = {isa = PBXFileReference; explicitFileType = wrapper.application; includeInIndex = 0; path = MeInfoGram.app; sourceTree = BUILT_PRODUCTS_DIR; };
		813B028E256801C2000840AE /* AppDelegate.swift */ = {isa = PBXFileReference; lastKnownFileType = sourcecode.swift; path = AppDelegate.swift; sourceTree = "<group>"; };
		813B0290256801C2000840AE /* SceneDelegate.swift */ = {isa = PBXFileReference; lastKnownFileType = sourcecode.swift; path = SceneDelegate.swift; sourceTree = "<group>"; };
		813B0292256801C2000840AE /* MyInfoListViewController.swift */ = {isa = PBXFileReference; lastKnownFileType = sourcecode.swift; path = MyInfoListViewController.swift; sourceTree = "<group>"; };
		813B0295256801C2000840AE /* Base */ = {isa = PBXFileReference; lastKnownFileType = file.storyboard; name = Base; path = Base.lproj/Main.storyboard; sourceTree = "<group>"; };
		813B0297256801C7000840AE /* Assets.xcassets */ = {isa = PBXFileReference; lastKnownFileType = folder.assetcatalog; path = Assets.xcassets; sourceTree = "<group>"; };
		813B029A256801C7000840AE /* Base */ = {isa = PBXFileReference; lastKnownFileType = file.storyboard; name = Base; path = Base.lproj/LaunchScreen.storyboard; sourceTree = "<group>"; };
		813B029C256801C7000840AE /* Info.plist */ = {isa = PBXFileReference; lastKnownFileType = text.plist.xml; path = Info.plist; sourceTree = "<group>"; };
		813B02A1256801C7000840AE /* MeInfoGramTests.xctest */ = {isa = PBXFileReference; explicitFileType = wrapper.cfbundle; includeInIndex = 0; path = MeInfoGramTests.xctest; sourceTree = BUILT_PRODUCTS_DIR; };
		813B02A5256801C7000840AE /* MeInfoGramTests.swift */ = {isa = PBXFileReference; lastKnownFileType = sourcecode.swift; path = MeInfoGramTests.swift; sourceTree = "<group>"; };
		813B02A7256801C7000840AE /* Info.plist */ = {isa = PBXFileReference; lastKnownFileType = text.plist.xml; path = Info.plist; sourceTree = "<group>"; };
		813B02AC256801C7000840AE /* MeInfoGramUITests.xctest */ = {isa = PBXFileReference; explicitFileType = wrapper.cfbundle; includeInIndex = 0; path = MeInfoGramUITests.xctest; sourceTree = BUILT_PRODUCTS_DIR; };
		813B02B0256801C7000840AE /* MeInfoGramUITests.swift */ = {isa = PBXFileReference; lastKnownFileType = sourcecode.swift; path = MeInfoGramUITests.swift; sourceTree = "<group>"; };
		813B02B2256801C7000840AE /* Info.plist */ = {isa = PBXFileReference; lastKnownFileType = text.plist.xml; path = Info.plist; sourceTree = "<group>"; };
		813B02F825681EF9000840AE /* MyInfo.swift */ = {isa = PBXFileReference; fileEncoding = 4; lastKnownFileType = sourcecode.swift; path = MyInfo.swift; sourceTree = "<group>"; };
		813B02FF25681F31000840AE /* LoginViewController.swift */ = {isa = PBXFileReference; fileEncoding = 4; lastKnownFileType = sourcecode.swift; path = LoginViewController.swift; sourceTree = "<group>"; };
		813B030925681F78000840AE /* MyInfoListViewModal.swift */ = {isa = PBXFileReference; fileEncoding = 4; lastKnownFileType = sourcecode.swift; path = MyInfoListViewModal.swift; sourceTree = "<group>"; };
		813B031425681FEE000840AE /* Common.swift */ = {isa = PBXFileReference; fileEncoding = 4; lastKnownFileType = sourcecode.swift; path = Common.swift; sourceTree = "<group>"; };
		813B032E2568315C000840AE /* LoginManger.swift */ = {isa = PBXFileReference; lastKnownFileType = sourcecode.swift; path = LoginManger.swift; sourceTree = "<group>"; };
		813B0337256832FF000840AE /* UIViewControllerExtensions.swift */ = {isa = PBXFileReference; fileEncoding = 4; lastKnownFileType = sourcecode.swift; path = UIViewControllerExtensions.swift; sourceTree = "<group>"; };
		9B638D8D8578EBA23D170080 /* Pods_MeInfoGramTests.framework */ = {isa = PBXFileReference; explicitFileType = wrapper.framework; includeInIndex = 0; path = Pods_MeInfoGramTests.framework; sourceTree = BUILT_PRODUCTS_DIR; };
		F17ADD3B82534A336EBDDAF9 /* Pods-MeInfoGramTests.release.xcconfig */ = {isa = PBXFileReference; includeInIndex = 1; lastKnownFileType = text.xcconfig; name = "Pods-MeInfoGramTests.release.xcconfig"; path = "Target Support Files/Pods-MeInfoGramTests/Pods-MeInfoGramTests.release.xcconfig"; sourceTree = "<group>"; };
		FC51040745860A8C660FAD25 /* Pods-MeInfoGram-MeInfoGramUITests.release.xcconfig */ = {isa = PBXFileReference; includeInIndex = 1; lastKnownFileType = text.xcconfig; name = "Pods-MeInfoGram-MeInfoGramUITests.release.xcconfig"; path = "Target Support Files/Pods-MeInfoGram-MeInfoGramUITests/Pods-MeInfoGram-MeInfoGramUITests.release.xcconfig"; sourceTree = "<group>"; };
/* End PBXFileReference section */

/* Begin PBXFrameworksBuildPhase section */
		813B0288256801C2000840AE /* Frameworks */ = {
			isa = PBXFrameworksBuildPhase;
			buildActionMask = 2147483647;
			files = (
				7EB32015B263AD11E2296FDF /* Pods_MeInfoGram.framework in Frameworks */,
			);
			runOnlyForDeploymentPostprocessing = 0;
		};
		813B029E256801C7000840AE /* Frameworks */ = {
			isa = PBXFrameworksBuildPhase;
			buildActionMask = 2147483647;
			files = (
				0DE6D904DCAD93D87751201E /* Pods_MeInfoGramTests.framework in Frameworks */,
			);
			runOnlyForDeploymentPostprocessing = 0;
		};
		813B02A9256801C7000840AE /* Frameworks */ = {
			isa = PBXFrameworksBuildPhase;
			buildActionMask = 2147483647;
			files = (
				7301DFA1E4608D4E46942041 /* Pods_MeInfoGram_MeInfoGramUITests.framework in Frameworks */,
			);
			runOnlyForDeploymentPostprocessing = 0;
		};
/* End PBXFrameworksBuildPhase section */

/* Begin PBXGroup section */
		423D69F628463C7E18ED95E6 /* Pods */ = {
			isa = PBXGroup;
			children = (
				430461FAA16DCF90BBD0F835 /* Pods-MeInfoGram.debug.xcconfig */,
				07A1A92A9062ED1A70394D62 /* Pods-MeInfoGram.release.xcconfig */,
				72DB25B2A11CF30D71A70B00 /* Pods-MeInfoGram-MeInfoGramUITests.debug.xcconfig */,
				FC51040745860A8C660FAD25 /* Pods-MeInfoGram-MeInfoGramUITests.release.xcconfig */,
				3A7E3FC925C0520F6D877F8E /* Pods-MeInfoGramTests.debug.xcconfig */,
				F17ADD3B82534A336EBDDAF9 /* Pods-MeInfoGramTests.release.xcconfig */,
			);
			path = Pods;
			sourceTree = "<group>";
		};
		813B0282256801C2000840AE = {
			isa = PBXGroup;
			children = (
				813B028D256801C2000840AE /* MeInfoGram */,
				813B02A4256801C7000840AE /* MeInfoGramTests */,
				813B02AF256801C7000840AE /* MeInfoGramUITests */,
				813B028C256801C2000840AE /* Products */,
				423D69F628463C7E18ED95E6 /* Pods */,
				C3CFC6AAE3F6083655A29358 /* Frameworks */,
			);
			sourceTree = "<group>";
		};
		813B028C256801C2000840AE /* Products */ = {
			isa = PBXGroup;
			children = (
				813B028B256801C2000840AE /* MeInfoGram.app */,
				813B02A1256801C7000840AE /* MeInfoGramTests.xctest */,
				813B02AC256801C7000840AE /* MeInfoGramUITests.xctest */,
			);
			name = Products;
			sourceTree = "<group>";
		};
		813B028D256801C2000840AE /* MeInfoGram */ = {
			isa = PBXGroup;
			children = (
				813B0336256832E0000840AE /* Extensions */,
				813B032D25683142000840AE /* Manager */,
				813B030825681F3A000840AE /* View Modal */,
				813B02FD25681F15000840AE /* View */,
				813B02F725681EDB000840AE /* Model */,
				813B02F625681EAC000840AE /* Common */,
				813B028E256801C2000840AE /* AppDelegate.swift */,
				813B0290256801C2000840AE /* SceneDelegate.swift */,
				813B0294256801C2000840AE /* Main.storyboard */,
				813B0297256801C7000840AE /* Assets.xcassets */,
				813B0299256801C7000840AE /* LaunchScreen.storyboard */,
				813B029C256801C7000840AE /* Info.plist */,
			);
			path = MeInfoGram;
			sourceTree = "<group>";
		};
		813B02A4256801C7000840AE /* MeInfoGramTests */ = {
			isa = PBXGroup;
			children = (
				813B02A5256801C7000840AE /* MeInfoGramTests.swift */,
				813B02A7256801C7000840AE /* Info.plist */,
			);
			path = MeInfoGramTests;
			sourceTree = "<group>";
		};
		813B02AF256801C7000840AE /* MeInfoGramUITests */ = {
			isa = PBXGroup;
			children = (
				813B02B0256801C7000840AE /* MeInfoGramUITests.swift */,
				813B02B2256801C7000840AE /* Info.plist */,
			);
			path = MeInfoGramUITests;
			sourceTree = "<group>";
		};
		813B02F625681EAC000840AE /* Common */ = {
			isa = PBXGroup;
			children = (
				813B031425681FEE000840AE /* Common.swift */,
			);
			path = Common;
			sourceTree = "<group>";
		};
		813B02F725681EDB000840AE /* Model */ = {
			isa = PBXGroup;
			children = (
				813B02F825681EF9000840AE /* MyInfo.swift */,
			);
			path = Model;
			sourceTree = "<group>";
		};
		813B02FD25681F15000840AE /* View */ = {
			isa = PBXGroup;
			children = (
				813B0292256801C2000840AE /* MyInfoListViewController.swift */,
				813B02FF25681F31000840AE /* LoginViewController.swift */,
			);
			path = View;
			sourceTree = "<group>";
		};
		813B030825681F3A000840AE /* View Modal */ = {
			isa = PBXGroup;
			children = (
				813B030925681F78000840AE /* MyInfoListViewModal.swift */,
			);
			path = "View Modal";
			sourceTree = "<group>";
		};
		813B032D25683142000840AE /* Manager */ = {
			isa = PBXGroup;
			children = (
				813B032E2568315C000840AE /* LoginManger.swift */,
			);
			path = Manager;
			sourceTree = "<group>";
		};
		813B0336256832E0000840AE /* Extensions */ = {
			isa = PBXGroup;
			children = (
				813B0337256832FF000840AE /* UIViewControllerExtensions.swift */,
			);
			path = Extensions;
			sourceTree = "<group>";
		};
		C3CFC6AAE3F6083655A29358 /* Frameworks */ = {
			isa = PBXGroup;
			children = (
				64A983155C174815D18C2BC3 /* Pods_MeInfoGram.framework */,
				3F9F628D4D9943A04A42DFDE /* Pods_MeInfoGram_MeInfoGramUITests.framework */,
				9B638D8D8578EBA23D170080 /* Pods_MeInfoGramTests.framework */,
			);
			name = Frameworks;
			sourceTree = "<group>";
		};
/* End PBXGroup section */

/* Begin PBXNativeTarget section */
		813B028A256801C2000840AE /* MeInfoGram */ = {
			isa = PBXNativeTarget;
			buildConfigurationList = 813B02B5256801C7000840AE /* Build configuration list for PBXNativeTarget "MeInfoGram" */;
			buildPhases = (
				3429D23D3E7D4AE458AF2CBE /* [CP] Check Pods Manifest.lock */,
				813B0287256801C2000840AE /* Sources */,
				813B0288256801C2000840AE /* Frameworks */,
				813B0289256801C2000840AE /* Resources */,
				71D293FDDACBF380A7040F37 /* [CP] Embed Pods Frameworks */,
			);
			buildRules = (
			);
			dependencies = (
			);
			name = MeInfoGram;
			productName = MeInfoGram;
			productReference = 813B028B256801C2000840AE /* MeInfoGram.app */;
			productType = "com.apple.product-type.application";
		};
		813B02A0256801C7000840AE /* MeInfoGramTests */ = {
			isa = PBXNativeTarget;
			buildConfigurationList = 813B02B8256801C7000840AE /* Build configuration list for PBXNativeTarget "MeInfoGramTests" */;
			buildPhases = (
				FB911A729E1C73C06075DE26 /* [CP] Check Pods Manifest.lock */,
				813B029D256801C7000840AE /* Sources */,
				813B029E256801C7000840AE /* Frameworks */,
				813B029F256801C7000840AE /* Resources */,
			);
			buildRules = (
			);
			dependencies = (
				813B02A3256801C7000840AE /* PBXTargetDependency */,
			);
			name = MeInfoGramTests;
			productName = MeInfoGramTests;
			productReference = 813B02A1256801C7000840AE /* MeInfoGramTests.xctest */;
			productType = "com.apple.product-type.bundle.unit-test";
		};
		813B02AB256801C7000840AE /* MeInfoGramUITests */ = {
			isa = PBXNativeTarget;
			buildConfigurationList = 813B02BB256801C7000840AE /* Build configuration list for PBXNativeTarget "MeInfoGramUITests" */;
			buildPhases = (
				D4BDBC8F39F47BD972C5BF8E /* [CP] Check Pods Manifest.lock */,
				813B02A8256801C7000840AE /* Sources */,
				813B02A9256801C7000840AE /* Frameworks */,
				813B02AA256801C7000840AE /* Resources */,
				93D90C0F376815FF1A1FFE2E /* [CP] Embed Pods Frameworks */,
			);
			buildRules = (
			);
			dependencies = (
				813B02AE256801C7000840AE /* PBXTargetDependency */,
			);
			name = MeInfoGramUITests;
			productName = MeInfoGramUITests;
			productReference = 813B02AC256801C7000840AE /* MeInfoGramUITests.xctest */;
			productType = "com.apple.product-type.bundle.ui-testing";
		};
/* End PBXNativeTarget section */

/* Begin PBXProject section */
		813B0283256801C2000840AE /* Project object */ = {
			isa = PBXProject;
			attributes = {
				LastSwiftUpdateCheck = 1210;
				LastUpgradeCheck = 1210;
				TargetAttributes = {
					813B028A256801C2000840AE = {
						CreatedOnToolsVersion = 12.1;
					};
					813B02A0256801C7000840AE = {
						CreatedOnToolsVersion = 12.1;
						TestTargetID = 813B028A256801C2000840AE;
					};
					813B02AB256801C7000840AE = {
						CreatedOnToolsVersion = 12.1;
						TestTargetID = 813B028A256801C2000840AE;
					};
				};
			};
			buildConfigurationList = 813B0286256801C2000840AE /* Build configuration list for PBXProject "MeInfoGram" */;
			compatibilityVersion = "Xcode 9.3";
			developmentRegion = en;
			hasScannedForEncodings = 0;
			knownRegions = (
				en,
				Base,
			);
			mainGroup = 813B0282256801C2000840AE;
			productRefGroup = 813B028C256801C2000840AE /* Products */;
			projectDirPath = "";
			projectRoot = "";
			targets = (
				813B028A256801C2000840AE /* MeInfoGram */,
				813B02A0256801C7000840AE /* MeInfoGramTests */,
				813B02AB256801C7000840AE /* MeInfoGramUITests */,
			);
		};
/* End PBXProject section */

/* Begin PBXResourcesBuildPhase section */
		813B0289256801C2000840AE /* Resources */ = {
			isa = PBXResourcesBuildPhase;
			buildActionMask = 2147483647;
			files = (
				813B029B256801C7000840AE /* LaunchScreen.storyboard in Resources */,
				813B0298256801C7000840AE /* Assets.xcassets in Resources */,
				813B0296256801C2000840AE /* Main.storyboard in Resources */,
			);
			runOnlyForDeploymentPostprocessing = 0;
		};
		813B029F256801C7000840AE /* Resources */ = {
			isa = PBXResourcesBuildPhase;
			buildActionMask = 2147483647;
			files = (
			);
			runOnlyForDeploymentPostprocessing = 0;
		};
		813B02AA256801C7000840AE /* Resources */ = {
			isa = PBXResourcesBuildPhase;
			buildActionMask = 2147483647;
			files = (
			);
			runOnlyForDeploymentPostprocessing = 0;
		};
/* End PBXResourcesBuildPhase section */

/* Begin PBXShellScriptBuildPhase section */
		3429D23D3E7D4AE458AF2CBE /* [CP] Check Pods Manifest.lock */ = {
			isa = PBXShellScriptBuildPhase;
			buildActionMask = 2147483647;
			files = (
			);
			inputFileListPaths = (
			);
			inputPaths = (
				"${PODS_PODFILE_DIR_PATH}/Podfile.lock",
				"${PODS_ROOT}/Manifest.lock",
			);
			name = "[CP] Check Pods Manifest.lock";
			outputFileListPaths = (
			);
			outputPaths = (
				"$(DERIVED_FILE_DIR)/Pods-MeInfoGram-checkManifestLockResult.txt",
			);
			runOnlyForDeploymentPostprocessing = 0;
			shellPath = /bin/sh;
			shellScript = "diff \"${PODS_PODFILE_DIR_PATH}/Podfile.lock\" \"${PODS_ROOT}/Manifest.lock\" > /dev/null\nif [ $? != 0 ] ; then\n    # print error to STDERR\n    echo \"error: The sandbox is not in sync with the Podfile.lock. Run 'pod install' or update your CocoaPods installation.\" >&2\n    exit 1\nfi\n# This output is used by Xcode 'outputs' to avoid re-running this script phase.\necho \"SUCCESS\" > \"${SCRIPT_OUTPUT_FILE_0}\"\n";
			showEnvVarsInLog = 0;
		};
		71D293FDDACBF380A7040F37 /* [CP] Embed Pods Frameworks */ = {
			isa = PBXShellScriptBuildPhase;
			buildActionMask = 2147483647;
			files = (
			);
			inputFileListPaths = (
				"${PODS_ROOT}/Target Support Files/Pods-MeInfoGram/Pods-MeInfoGram-frameworks-${CONFIGURATION}-input-files.xcfilelist",
			);
			name = "[CP] Embed Pods Frameworks";
			outputFileListPaths = (
				"${PODS_ROOT}/Target Support Files/Pods-MeInfoGram/Pods-MeInfoGram-frameworks-${CONFIGURATION}-output-files.xcfilelist",
			);
			runOnlyForDeploymentPostprocessing = 0;
			shellPath = /bin/sh;
			shellScript = "\"${PODS_ROOT}/Target Support Files/Pods-MeInfoGram/Pods-MeInfoGram-frameworks.sh\"\n";
			showEnvVarsInLog = 0;
		};
		93D90C0F376815FF1A1FFE2E /* [CP] Embed Pods Frameworks */ = {
			isa = PBXShellScriptBuildPhase;
			buildActionMask = 2147483647;
			files = (
			);
			inputFileListPaths = (
				"${PODS_ROOT}/Target Support Files/Pods-MeInfoGram-MeInfoGramUITests/Pods-MeInfoGram-MeInfoGramUITests-frameworks-${CONFIGURATION}-input-files.xcfilelist",
			);
			name = "[CP] Embed Pods Frameworks";
			outputFileListPaths = (
				"${PODS_ROOT}/Target Support Files/Pods-MeInfoGram-MeInfoGramUITests/Pods-MeInfoGram-MeInfoGramUITests-frameworks-${CONFIGURATION}-output-files.xcfilelist",
			);
			runOnlyForDeploymentPostprocessing = 0;
			shellPath = /bin/sh;
			shellScript = "\"${PODS_ROOT}/Target Support Files/Pods-MeInfoGram-MeInfoGramUITests/Pods-MeInfoGram-MeInfoGramUITests-frameworks.sh\"\n";
			showEnvVarsInLog = 0;
		};
		D4BDBC8F39F47BD972C5BF8E /* [CP] Check Pods Manifest.lock */ = {
			isa = PBXShellScriptBuildPhase;
			buildActionMask = 2147483647;
			files = (
			);
			inputFileListPaths = (
			);
			inputPaths = (
				"${PODS_PODFILE_DIR_PATH}/Podfile.lock",
				"${PODS_ROOT}/Manifest.lock",
			);
			name = "[CP] Check Pods Manifest.lock";
			outputFileListPaths = (
			);
			outputPaths = (
				"$(DERIVED_FILE_DIR)/Pods-MeInfoGram-MeInfoGramUITests-checkManifestLockResult.txt",
			);
			runOnlyForDeploymentPostprocessing = 0;
			shellPath = /bin/sh;
			shellScript = "diff \"${PODS_PODFILE_DIR_PATH}/Podfile.lock\" \"${PODS_ROOT}/Manifest.lock\" > /dev/null\nif [ $? != 0 ] ; then\n    # print error to STDERR\n    echo \"error: The sandbox is not in sync with the Podfile.lock. Run 'pod install' or update your CocoaPods installation.\" >&2\n    exit 1\nfi\n# This output is used by Xcode 'outputs' to avoid re-running this script phase.\necho \"SUCCESS\" > \"${SCRIPT_OUTPUT_FILE_0}\"\n";
			showEnvVarsInLog = 0;
		};
		FB911A729E1C73C06075DE26 /* [CP] Check Pods Manifest.lock */ = {
			isa = PBXShellScriptBuildPhase;
			buildActionMask = 2147483647;
			files = (
			);
			inputFileListPaths = (
			);
			inputPaths = (
				"${PODS_PODFILE_DIR_PATH}/Podfile.lock",
				"${PODS_ROOT}/Manifest.lock",
			);
			name = "[CP] Check Pods Manifest.lock";
			outputFileListPaths = (
			);
			outputPaths = (
				"$(DERIVED_FILE_DIR)/Pods-MeInfoGramTests-checkManifestLockResult.txt",
			);
			runOnlyForDeploymentPostprocessing = 0;
			shellPath = /bin/sh;
			shellScript = "diff \"${PODS_PODFILE_DIR_PATH}/Podfile.lock\" \"${PODS_ROOT}/Manifest.lock\" > /dev/null\nif [ $? != 0 ] ; then\n    # print error to STDERR\n    echo \"error: The sandbox is not in sync with the Podfile.lock. Run 'pod install' or update your CocoaPods installation.\" >&2\n    exit 1\nfi\n# This output is used by Xcode 'outputs' to avoid re-running this script phase.\necho \"SUCCESS\" > \"${SCRIPT_OUTPUT_FILE_0}\"\n";
			showEnvVarsInLog = 0;
		};
/* End PBXShellScriptBuildPhase section */

/* Begin PBXSourcesBuildPhase section */
		813B0287256801C2000840AE /* Sources */ = {
			isa = PBXSourcesBuildPhase;
			buildActionMask = 2147483647;
			files = (
				813B031525681FEE000840AE /* Common.swift in Sources */,
				813B030125681F32000840AE /* LoginViewController.swift in Sources */,
				813B0293256801C2000840AE /* MyInfoListViewController.swift in Sources */,
				813B02F925681EF9000840AE /* MyInfo.swift in Sources */,
				813B0338256832FF000840AE /* UIViewControllerExtensions.swift in Sources */,
				813B030A25681F78000840AE /* MyInfoListViewModal.swift in Sources */,
				813B028F256801C2000840AE /* AppDelegate.swift in Sources */,
				813B0291256801C2000840AE /* SceneDelegate.swift in Sources */,
				813B032F2568315C000840AE /* LoginManger.swift in Sources */,
			);
			runOnlyForDeploymentPostprocessing = 0;
		};
		813B029D256801C7000840AE /* Sources */ = {
			isa = PBXSourcesBuildPhase;
			buildActionMask = 2147483647;
			files = (
				813B02A6256801C7000840AE /* MeInfoGramTests.swift in Sources */,
			);
			runOnlyForDeploymentPostprocessing = 0;
		};
		813B02A8256801C7000840AE /* Sources */ = {
			isa = PBXSourcesBuildPhase;
			buildActionMask = 2147483647;
			files = (
				813B02B1256801C7000840AE /* MeInfoGramUITests.swift in Sources */,
			);
			runOnlyForDeploymentPostprocessing = 0;
		};
/* End PBXSourcesBuildPhase section */

/* Begin PBXTargetDependency section */
		813B02A3256801C7000840AE /* PBXTargetDependency */ = {
			isa = PBXTargetDependency;
			target = 813B028A256801C2000840AE /* MeInfoGram */;
			targetProxy = 813B02A2256801C7000840AE /* PBXContainerItemProxy */;
		};
		813B02AE256801C7000840AE /* PBXTargetDependency */ = {
			isa = PBXTargetDependency;
			target = 813B028A256801C2000840AE /* MeInfoGram */;
			targetProxy = 813B02AD256801C7000840AE /* PBXContainerItemProxy */;
		};
/* End PBXTargetDependency section */

/* Begin PBXVariantGroup section */
		813B0294256801C2000840AE /* Main.storyboard */ = {
			isa = PBXVariantGroup;
			children = (
				813B0295256801C2000840AE /* Base */,
			);
			name = Main.storyboard;
			sourceTree = "<group>";
		};
		813B0299256801C7000840AE /* LaunchScreen.storyboard */ = {
			isa = PBXVariantGroup;
			children = (
				813B029A256801C7000840AE /* Base */,
			);
			name = LaunchScreen.storyboard;
			sourceTree = "<group>";
		};
/* End PBXVariantGroup section */

/* Begin XCBuildConfiguration section */
		813B02B3256801C7000840AE /* Debug */ = {
			isa = XCBuildConfiguration;
			buildSettings = {
				ALWAYS_SEARCH_USER_PATHS = NO;
				CLANG_ANALYZER_NONNULL = YES;
				CLANG_ANALYZER_NUMBER_OBJECT_CONVERSION = YES_AGGRESSIVE;
				CLANG_CXX_LANGUAGE_STANDARD = "gnu++14";
				CLANG_CXX_LIBRARY = "libc++";
				CLANG_ENABLE_MODULES = YES;
				CLANG_ENABLE_OBJC_ARC = YES;
				CLANG_ENABLE_OBJC_WEAK = YES;
				CLANG_WARN_BLOCK_CAPTURE_AUTORELEASING = YES;
				CLANG_WARN_BOOL_CONVERSION = YES;
				CLANG_WARN_COMMA = YES;
				CLANG_WARN_CONSTANT_CONVERSION = YES;
				CLANG_WARN_DEPRECATED_OBJC_IMPLEMENTATIONS = YES;
				CLANG_WARN_DIRECT_OBJC_ISA_USAGE = YES_ERROR;
				CLANG_WARN_DOCUMENTATION_COMMENTS = YES;
				CLANG_WARN_EMPTY_BODY = YES;
				CLANG_WARN_ENUM_CONVERSION = YES;
				CLANG_WARN_INFINITE_RECURSION = YES;
				CLANG_WARN_INT_CONVERSION = YES;
				CLANG_WARN_NON_LITERAL_NULL_CONVERSION = YES;
				CLANG_WARN_OBJC_IMPLICIT_RETAIN_SELF = YES;
				CLANG_WARN_OBJC_LITERAL_CONVERSION = YES;
				CLANG_WARN_OBJC_ROOT_CLASS = YES_ERROR;
				CLANG_WARN_QUOTED_INCLUDE_IN_FRAMEWORK_HEADER = YES;
				CLANG_WARN_RANGE_LOOP_ANALYSIS = YES;
				CLANG_WARN_STRICT_PROTOTYPES = YES;
				CLANG_WARN_SUSPICIOUS_MOVE = YES;
				CLANG_WARN_UNGUARDED_AVAILABILITY = YES_AGGRESSIVE;
				CLANG_WARN_UNREACHABLE_CODE = YES;
				CLANG_WARN__DUPLICATE_METHOD_MATCH = YES;
				COPY_PHASE_STRIP = NO;
				DEBUG_INFORMATION_FORMAT = dwarf;
				ENABLE_STRICT_OBJC_MSGSEND = YES;
				ENABLE_TESTABILITY = YES;
				GCC_C_LANGUAGE_STANDARD = gnu11;
				GCC_DYNAMIC_NO_PIC = NO;
				GCC_NO_COMMON_BLOCKS = YES;
				GCC_OPTIMIZATION_LEVEL = 0;
				GCC_PREPROCESSOR_DEFINITIONS = (
					"DEBUG=1",
					"$(inherited)",
				);
				GCC_WARN_64_TO_32_BIT_CONVERSION = YES;
				GCC_WARN_ABOUT_RETURN_TYPE = YES_ERROR;
				GCC_WARN_UNDECLARED_SELECTOR = YES;
				GCC_WARN_UNINITIALIZED_AUTOS = YES_AGGRESSIVE;
				GCC_WARN_UNUSED_FUNCTION = YES;
				GCC_WARN_UNUSED_VARIABLE = YES;
				IPHONEOS_DEPLOYMENT_TARGET = 13.0;
				MTL_ENABLE_DEBUG_INFO = INCLUDE_SOURCE;
				MTL_FAST_MATH = YES;
				ONLY_ACTIVE_ARCH = YES;
				SDKROOT = iphoneos;
				SWIFT_ACTIVE_COMPILATION_CONDITIONS = DEBUG;
				SWIFT_OPTIMIZATION_LEVEL = "-Onone";
			};
			name = Debug;
		};
		813B02B4256801C7000840AE /* Release */ = {
			isa = XCBuildConfiguration;
			buildSettings = {
				ALWAYS_SEARCH_USER_PATHS = NO;
				CLANG_ANALYZER_NONNULL = YES;
				CLANG_ANALYZER_NUMBER_OBJECT_CONVERSION = YES_AGGRESSIVE;
				CLANG_CXX_LANGUAGE_STANDARD = "gnu++14";
				CLANG_CXX_LIBRARY = "libc++";
				CLANG_ENABLE_MODULES = YES;
				CLANG_ENABLE_OBJC_ARC = YES;
				CLANG_ENABLE_OBJC_WEAK = YES;
				CLANG_WARN_BLOCK_CAPTURE_AUTORELEASING = YES;
				CLANG_WARN_BOOL_CONVERSION = YES;
				CLANG_WARN_COMMA = YES;
				CLANG_WARN_CONSTANT_CONVERSION = YES;
				CLANG_WARN_DEPRECATED_OBJC_IMPLEMENTATIONS = YES;
				CLANG_WARN_DIRECT_OBJC_ISA_USAGE = YES_ERROR;
				CLANG_WARN_DOCUMENTATION_COMMENTS = YES;
				CLANG_WARN_EMPTY_BODY = YES;
				CLANG_WARN_ENUM_CONVERSION = YES;
				CLANG_WARN_INFINITE_RECURSION = YES;
				CLANG_WARN_INT_CONVERSION = YES;
				CLANG_WARN_NON_LITERAL_NULL_CONVERSION = YES;
				CLANG_WARN_OBJC_IMPLICIT_RETAIN_SELF = YES;
				CLANG_WARN_OBJC_LITERAL_CONVERSION = YES;
				CLANG_WARN_OBJC_ROOT_CLASS = YES_ERROR;
				CLANG_WARN_QUOTED_INCLUDE_IN_FRAMEWORK_HEADER = YES;
				CLANG_WARN_RANGE_LOOP_ANALYSIS = YES;
				CLANG_WARN_STRICT_PROTOTYPES = YES;
				CLANG_WARN_SUSPICIOUS_MOVE = YES;
				CLANG_WARN_UNGUARDED_AVAILABILITY = YES_AGGRESSIVE;
				CLANG_WARN_UNREACHABLE_CODE = YES;
				CLANG_WARN__DUPLICATE_METHOD_MATCH = YES;
				COPY_PHASE_STRIP = NO;
				DEBUG_INFORMATION_FORMAT = "dwarf-with-dsym";
				ENABLE_NS_ASSERTIONS = NO;
				ENABLE_STRICT_OBJC_MSGSEND = YES;
				GCC_C_LANGUAGE_STANDARD = gnu11;
				GCC_NO_COMMON_BLOCKS = YES;
				GCC_WARN_64_TO_32_BIT_CONVERSION = YES;
				GCC_WARN_ABOUT_RETURN_TYPE = YES_ERROR;
				GCC_WARN_UNDECLARED_SELECTOR = YES;
				GCC_WARN_UNINITIALIZED_AUTOS = YES_AGGRESSIVE;
				GCC_WARN_UNUSED_FUNCTION = YES;
				GCC_WARN_UNUSED_VARIABLE = YES;
				IPHONEOS_DEPLOYMENT_TARGET = 13.0;
				MTL_ENABLE_DEBUG_INFO = NO;
				MTL_FAST_MATH = YES;
				SDKROOT = iphoneos;
				SWIFT_COMPILATION_MODE = wholemodule;
				SWIFT_OPTIMIZATION_LEVEL = "-O";
				VALIDATE_PRODUCT = YES;
			};
			name = Release;
		};
		813B02B6256801C7000840AE /* Debug */ = {
			isa = XCBuildConfiguration;
			baseConfigurationReference = 430461FAA16DCF90BBD0F835 /* Pods-MeInfoGram.debug.xcconfig */;
			buildSettings = {
				ASSETCATALOG_COMPILER_APPICON_NAME = AppIcon;
				ASSETCATALOG_COMPILER_GLOBAL_ACCENT_COLOR_NAME = AccentColor;
				CODE_SIGN_STYLE = Automatic;
				DEVELOPMENT_TEAM = 4DXBBH3C8S;
				INFOPLIST_FILE = MeInfoGram/Info.plist;
				LD_RUNPATH_SEARCH_PATHS = (
					"$(inherited)",
					"@executable_path/Frameworks",
				);
				PRODUCT_BUNDLE_IDENTIFIER = com.meinfogram.MeInfoGram;
				PRODUCT_NAME = "$(TARGET_NAME)";
				SWIFT_VERSION = 5.0;
				TARGETED_DEVICE_FAMILY = "1,2";
			};
			name = Debug;
		};
		813B02B7256801C7000840AE /* Release */ = {
			isa = XCBuildConfiguration;
			baseConfigurationReference = 07A1A92A9062ED1A70394D62 /* Pods-MeInfoGram.release.xcconfig */;
			buildSettings = {
				ASSETCATALOG_COMPILER_APPICON_NAME = AppIcon;
				ASSETCATALOG_COMPILER_GLOBAL_ACCENT_COLOR_NAME = AccentColor;
				CODE_SIGN_STYLE = Automatic;
				DEVELOPMENT_TEAM = 4DXBBH3C8S;
				INFOPLIST_FILE = MeInfoGram/Info.plist;
				LD_RUNPATH_SEARCH_PATHS = (
					"$(inherited)",
					"@executable_path/Frameworks",
				);
				PRODUCT_BUNDLE_IDENTIFIER = com.meinfogram.MeInfoGram;
				PRODUCT_NAME = "$(TARGET_NAME)";
				SWIFT_VERSION = 5.0;
				TARGETED_DEVICE_FAMILY = "1,2";
			};
			name = Release;
		};
		813B02B9256801C7000840AE /* Debug */ = {
			isa = XCBuildConfiguration;
			baseConfigurationReference = 3A7E3FC925C0520F6D877F8E /* Pods-MeInfoGramTests.debug.xcconfig */;
			buildSettings = {
				ALWAYS_EMBED_SWIFT_STANDARD_LIBRARIES = YES;
				BUNDLE_LOADER = "$(TEST_HOST)";
				CODE_SIGN_STYLE = Automatic;
				DEVELOPMENT_TEAM = 4DXBBH3C8S;
				INFOPLIST_FILE = MeInfoGramTests/Info.plist;
				IPHONEOS_DEPLOYMENT_TARGET = 14.1;
				LD_RUNPATH_SEARCH_PATHS = (
					"$(inherited)",
					"@executable_path/Frameworks",
					"@loader_path/Frameworks",
				);
				PRODUCT_BUNDLE_IDENTIFIER = com.meinfogram.MeInfoGramTests;
				PRODUCT_NAME = "$(TARGET_NAME)";
				SWIFT_VERSION = 5.0;
				TARGETED_DEVICE_FAMILY = "1,2";
				TEST_HOST = "$(BUILT_PRODUCTS_DIR)/MeInfoGram.app/MeInfoGram";
			};
			name = Debug;
		};
		813B02BA256801C7000840AE /* Release */ = {
			isa = XCBuildConfiguration;
			baseConfigurationReference = F17ADD3B82534A336EBDDAF9 /* Pods-MeInfoGramTests.release.xcconfig */;
			buildSettings = {
				ALWAYS_EMBED_SWIFT_STANDARD_LIBRARIES = YES;
				BUNDLE_LOADER = "$(TEST_HOST)";
				CODE_SIGN_STYLE = Automatic;
				DEVELOPMENT_TEAM = 4DXBBH3C8S;
				INFOPLIST_FILE = MeInfoGramTests/Info.plist;
				IPHONEOS_DEPLOYMENT_TARGET = 14.1;
				LD_RUNPATH_SEARCH_PATHS = (
					"$(inherited)",
					"@executable_path/Frameworks",
					"@loader_path/Frameworks",
				);
				PRODUCT_BUNDLE_IDENTIFIER = com.meinfogram.MeInfoGramTests;
				PRODUCT_NAME = "$(TARGET_NAME)";
				SWIFT_VERSION = 5.0;
				TARGETED_DEVICE_FAMILY = "1,2";
				TEST_HOST = "$(BUILT_PRODUCTS_DIR)/MeInfoGram.app/MeInfoGram";
			};
			name = Release;
		};
		813B02BC256801C7000840AE /* Debug */ = {
			isa = XCBuildConfiguration;
			baseConfigurationReference = 72DB25B2A11CF30D71A70B00 /* Pods-MeInfoGram-MeInfoGramUITests.debug.xcconfig */;
			buildSettings = {
				ALWAYS_EMBED_SWIFT_STANDARD_LIBRARIES = YES;
				CODE_SIGN_STYLE = Automatic;
				DEVELOPMENT_TEAM = 4DXBBH3C8S;
				INFOPLIST_FILE = MeInfoGramUITests/Info.plist;
				LD_RUNPATH_SEARCH_PATHS = (
					"$(inherited)",
					"@executable_path/Frameworks",
					"@loader_path/Frameworks",
				);
				PRODUCT_BUNDLE_IDENTIFIER = com.meinfogram.MeInfoGramUITests;
				PRODUCT_NAME = "$(TARGET_NAME)";
				SWIFT_VERSION = 5.0;
				TARGETED_DEVICE_FAMILY = "1,2";
				TEST_TARGET_NAME = MeInfoGram;
			};
			name = Debug;
		};
		813B02BD256801C7000840AE /* Release */ = {
			isa = XCBuildConfiguration;
			baseConfigurationReference = FC51040745860A8C660FAD25 /* Pods-MeInfoGram-MeInfoGramUITests.release.xcconfig */;
			buildSettings = {
				ALWAYS_EMBED_SWIFT_STANDARD_LIBRARIES = YES;
				CODE_SIGN_STYLE = Automatic;
				DEVELOPMENT_TEAM = 4DXBBH3C8S;
				INFOPLIST_FILE = MeInfoGramUITests/Info.plist;
				LD_RUNPATH_SEARCH_PATHS = (
					"$(inherited)",
					"@executable_path/Frameworks",
					"@loader_path/Frameworks",
				);
				PRODUCT_BUNDLE_IDENTIFIER = com.meinfogram.MeInfoGramUITests;
				PRODUCT_NAME = "$(TARGET_NAME)";
				SWIFT_VERSION = 5.0;
				TARGETED_DEVICE_FAMILY = "1,2";
				TEST_TARGET_NAME = MeInfoGram;
			};
			name = Release;
		};
/* End XCBuildConfiguration section */

/* Begin XCConfigurationList section */
		813B0286256801C2000840AE /* Build configuration list for PBXProject "MeInfoGram" */ = {
			isa = XCConfigurationList;
			buildConfigurations = (
				813B02B3256801C7000840AE /* Debug */,
				813B02B4256801C7000840AE /* Release */,
			);
			defaultConfigurationIsVisible = 0;
			defaultConfigurationName = Release;
		};
		813B02B5256801C7000840AE /* Build configuration list for PBXNativeTarget "MeInfoGram" */ = {
			isa = XCConfigurationList;
			buildConfigurations = (
				813B02B6256801C7000840AE /* Debug */,
				813B02B7256801C7000840AE /* Release */,
			);
			defaultConfigurationIsVisible = 0;
			defaultConfigurationName = Release;
		};
		813B02B8256801C7000840AE /* Build configuration list for PBXNativeTarget "MeInfoGramTests" */ = {
			isa = XCConfigurationList;
			buildConfigurations = (
				813B02B9256801C7000840AE /* Debug */,
				813B02BA256801C7000840AE /* Release */,
			);
			defaultConfigurationIsVisible = 0;
			defaultConfigurationName = Release;
		};
		813B02BB256801C7000840AE /* Build configuration list for PBXNativeTarget "MeInfoGramUITests" */ = {
			isa = XCConfigurationList;
			buildConfigurations = (
				813B02BC256801C7000840AE /* Debug */,
				813B02BD256801C7000840AE /* Release */,
			);
			defaultConfigurationIsVisible = 0;
			defaultConfigurationName = Release;
		};
/* End XCConfigurationList section */
	};
	rootObject = 813B0283256801C2000840AE /* Project object */;
}
